
Microsoft Visual Studio Solution File, Format Version 12.00
# Visual Studio Version 17
VisualStudioVersion = 17.2.32505.173
MinimumVisualStudioVersion = 10.0.40219.1
Project("{FAE04EC0-301F-11D3-BF4B-00C04F79EFBC}") = "ConsoleApp4", "ConsoleApp4\ConsoleApp4.csproj", "{27C3188E-A23B-48A4-818B-D819BFC39CD2}"
EndProject
Global
	GlobalSection(SolutionConfigurationPlatforms) = preSolution
		Debug|Any CPU = Debug|Any CPU
		Release|Any CPU = Release|Any CPU
	EndGlobalSection
	GlobalSection(ProjectConfigurationPlatforms) = postSolution
		{27C3188E-A23B-48A4-818B-D819BFC39CD2}.Debug|Any CPU.ActiveCfg = Debug|Any CPU
		{27C3188E-A23B-48A4-818B-D819BFC39CD2}.Debug|Any CPU.Build.0 = Debug|Any CPU
		{27C3188E-A23B-48A4-818B-D819BFC39CD2}.Release|Any CPU.ActiveCfg = Release|Any CPU
		{27C3188E-A23B-48A4-818B-D819BFC39CD2}.Release|Any CPU.Build.0 = Release|Any CPU
	EndGlobalSection
	GlobalSection(SolutionProperties) = preSolution
		HideSolutionNode = FALSE
	EndGlobalSection
	GlobalSection(ExtensibilityGlobals) = postSolution
		SolutionGuid = {2503A021-704B-4840-A6F0-AB44A7951AD4}
	EndGlobalSection
EndGlobal
